
Microsoft Visual Studio Solution File, Format Version 12.00
# Visual Studio Version 17
VisualStudioVersion = 17.5.002.0
MinimumVisualStudioVersion = 10.0.40219.1
Project("{9A19103F-16F7-4668-BE54-9A1E7A4F7556}") = "3DApp1", "3DApp1.csproj", "{CFBE5489-CEEA-4EEE-9FB6-D128EFB7281E}"
EndProject
Global
	GlobalSection(SolutionConfigurationPlatforms) = preSolution
		Debug|Any CPU = Debug|Any CPU
		Release|Any CPU = Release|Any CPU
	EndGlobalSection
	GlobalSection(ProjectConfigurationPlatforms) = postSolution
		{CFBE5489-CEEA-4EEE-9FB6-D128EFB7281E}.Debug|Any CPU.ActiveCfg = Debug|Any CPU
		{CFBE5489-CEEA-4EEE-9FB6-D128EFB7281E}.Debug|Any CPU.Build.0 = Debug|Any CPU
		{CFBE5489-CEEA-4EEE-9FB6-D128EFB7281E}.Release|Any CPU.ActiveCfg = Release|Any CPU
		{CFBE5489-CEEA-4EEE-9FB6-D128EFB7281E}.Release|Any CPU.Build.0 = Release|Any CPU
	EndGlobalSection
	GlobalSection(SolutionProperties) = preSolution
		HideSolutionNode = FALSE
	EndGlobalSection
	GlobalSection(ExtensibilityGlobals) = postSolution
		SolutionGuid = {738CB9F7-68F2-47DA-B8BB-A1CB92845DE1}
	EndGlobalSection
EndGlobal
